
Microsoft Visual Studio Solution File, Format Version 12.00
# Visual Studio Version 16
VisualStudioVersion = 16.0.30621.155
MinimumVisualStudioVersion = 10.0.40219.1
Project("{FAE04EC0-301F-11D3-BF4B-00C04F79EFBC}") = "server", "server\server.csproj", "{C61ED529-6C73-451D-9CAB-5FCF2DE7F148}"
EndProject
Global
	GlobalSection(SolutionConfigurationPlatforms) = preSolution
		Debug|Any CPU = Debug|Any CPU
		Release|Any CPU = Release|Any CPU
	EndGlobalSection
	GlobalSection(ProjectConfigurationPlatforms) = postSolution
		{C61ED529-6C73-451D-9CAB-5FCF2DE7F148}.Debug|Any CPU.ActiveCfg = Debug|Any CPU
		{C61ED529-6C73-451D-9CAB-5FCF2DE7F148}.Debug|Any CPU.Build.0 = Debug|Any CPU
		{C61ED529-6C73-451D-9CAB-5FCF2DE7F148}.Release|Any CPU.ActiveCfg = Release|Any CPU
		{C61ED529-6C73-451D-9CAB-5FCF2DE7F148}.Release|Any CPU.Build.0 = Release|Any CPU
	EndGlobalSection
	GlobalSection(SolutionProperties) = preSolution
		HideSolutionNode = FALSE
	EndGlobalSection
	GlobalSection(ExtensibilityGlobals) = postSolution
		SolutionGuid = {0F84536E-4CF2-4347-A2C6-6E6531148534}
	EndGlobalSection
EndGlobal
